
Microsoft Visual Studio Solution File, Format Version 12.00
# Visual Studio Version 16
VisualStudioVersion = 16.0.29230.47
MinimumVisualStudioVersion = 10.0.40219.1
Project("{FAE04EC0-301F-11D3-BF4B-00C04F79EFBC}") = "Estimador", "Estimador\Estimador.csproj", "{46489EFE-1366-492E-996D-D63DC0F8F05B}"
EndProject
Global
	GlobalSection(SolutionConfigurationPlatforms) = preSolution
		Debug|Any CPU = Debug|Any CPU
		Release|Any CPU = Release|Any CPU
	EndGlobalSection
	GlobalSection(ProjectConfigurationPlatforms) = postSolution
		{46489EFE-1366-492E-996D-D63DC0F8F05B}.Debug|Any CPU.ActiveCfg = Debug|Any CPU
		{46489EFE-1366-492E-996D-D63DC0F8F05B}.Debug|Any CPU.Build.0 = Debug|Any CPU
		{46489EFE-1366-492E-996D-D63DC0F8F05B}.Release|Any CPU.ActiveCfg = Release|Any CPU
		{46489EFE-1366-492E-996D-D63DC0F8F05B}.Release|Any CPU.Build.0 = Release|Any CPU
	EndGlobalSection
	GlobalSection(SolutionProperties) = preSolution
		HideSolutionNode = FALSE
	EndGlobalSection
	GlobalSection(ExtensibilityGlobals) = postSolution
		SolutionGuid = {B4D2E83A-5D48-4C9E-AE5A-DAA4F66A2A03}
	EndGlobalSection
EndGlobal
